
Microsoft Visual Studio Solution File, Format Version 12.00
# Visual Studio Version 17
VisualStudioVersion = 17.0.32126.317
MinimumVisualStudioVersion = 10.0.40219.1
Project("{FAE04EC0-301F-11D3-BF4B-00C04F79EFBC}") = "AroojQuiz", "AroojQuiz\AroojQuiz.csproj", "{0DE0A690-5875-4B21-BD8A-E71D4B5DCE0F}"
EndProject
Global
	GlobalSection(SolutionConfigurationPlatforms) = preSolution
		Debug|Any CPU = Debug|Any CPU
		Release|Any CPU = Release|Any CPU
	EndGlobalSection
	GlobalSection(ProjectConfigurationPlatforms) = postSolution
		{0DE0A690-5875-4B21-BD8A-E71D4B5DCE0F}.Debug|Any CPU.ActiveCfg = Debug|Any CPU
		{0DE0A690-5875-4B21-BD8A-E71D4B5DCE0F}.Debug|Any CPU.Build.0 = Debug|Any CPU
		{0DE0A690-5875-4B21-BD8A-E71D4B5DCE0F}.Release|Any CPU.ActiveCfg = Release|Any CPU
		{0DE0A690-5875-4B21-BD8A-E71D4B5DCE0F}.Release|Any CPU.Build.0 = Release|Any CPU
	EndGlobalSection
	GlobalSection(SolutionProperties) = preSolution
		HideSolutionNode = FALSE
	EndGlobalSection
	GlobalSection(ExtensibilityGlobals) = postSolution
		SolutionGuid = {DFBDA6C6-3BA9-4074-8762-39EC4E861FC6}
	EndGlobalSection
EndGlobal
